// !$*UTF8*$!
{
	archiveVersion = 1;
	classes = {
	};
	objectVersion = 50;
	objects = {

/* Begin PBXBuildFile section */
		5421FCB224F15AF20029FBCA /* ThatLocator.framework in Frameworks */ = {isa = PBXBuildFile; fileRef = 5421FCB124F15AF20029FBCA /* ThatLocator.framework */; };
		5421FCB324F15AF20029FBCA /* ThatLocator.framework in Embed Frameworks */ = {isa = PBXBuildFile; fileRef = 5421FCB124F15AF20029FBCA /* ThatLocator.framework */; settings = {ATTRIBUTES = (CodeSignOnCopy, RemoveHeadersOnCopy, ); }; };
		5421FCBB24F15BDD0029FBCA /* RegisterService.swift in Sources */ = {isa = PBXBuildFile; fileRef = 5421FCBA24F15BDD0029FBCA /* RegisterService.swift */; };
		5433F8AC24C4B8CA004BB4DE /* AppDelegate.swift in Sources */ = {isa = PBXBuildFile; fileRef = 5433F8AB24C4B8CA004BB4DE /* AppDelegate.swift */; };
		5433F8AE24C4B8CA004BB4DE /* SceneDelegate.swift in Sources */ = {isa = PBXBuildFile; fileRef = 5433F8AD24C4B8CA004BB4DE /* SceneDelegate.swift */; };
		5433F8B024C4B8CA004BB4DE /* ViewController.swift in Sources */ = {isa = PBXBuildFile; fileRef = 5433F8AF24C4B8CA004BB4DE /* ViewController.swift */; };
		5433F8B324C4B8CA004BB4DE /* Main.storyboard in Resources */ = {isa = PBXBuildFile; fileRef = 5433F8B124C4B8CA004BB4DE /* Main.storyboard */; };
		5433F8B524C4B8CA004BB4DE /* Assets.xcassets in Resources */ = {isa = PBXBuildFile; fileRef = 5433F8B424C4B8CA004BB4DE /* Assets.xcassets */; };
		5433F8B824C4B8CA004BB4DE /* LaunchScreen.storyboard in Resources */ = {isa = PBXBuildFile; fileRef = 5433F8B624C4B8CA004BB4DE /* LaunchScreen.storyboard */; };
		5433F8C224C4B909004BB4DE /* ThatClient.framework in Frameworks */ = {isa = PBXBuildFile; fileRef = 5433F8C024C4B909004BB4DE /* ThatClient.framework */; };
		5433F8C324C4B909004BB4DE /* ThatClient.framework in Embed Frameworks */ = {isa = PBXBuildFile; fileRef = 5433F8C024C4B909004BB4DE /* ThatClient.framework */; settings = {ATTRIBUTES = (CodeSignOnCopy, RemoveHeadersOnCopy, ); }; };
		5433F8C424C4B909004BB4DE /* libThatService.a in Frameworks */ = {isa = PBXBuildFile; fileRef = 5433F8C124C4B909004BB4DE /* libThatService.a */; };
		5476FCC924E0626C00C536D6 /* ThatModel.framework in Frameworks */ = {isa = PBXBuildFile; fileRef = 5476FCC824E0626C00C536D6 /* ThatModel.framework */; };
		5476FCCA24E0626C00C536D6 /* ThatModel.framework in Embed Frameworks */ = {isa = PBXBuildFile; fileRef = 5476FCC824E0626C00C536D6 /* ThatModel.framework */; settings = {ATTRIBUTES = (CodeSignOnCopy, RemoveHeadersOnCopy, ); }; };
/* End PBXBuildFile section */

/* Begin PBXCopyFilesBuildPhase section */
		5433F8C524C4B909004BB4DE /* Embed Frameworks */ = {
			isa = PBXCopyFilesBuildPhase;
			buildActionMask = 2147483647;
			dstPath = "";
			dstSubfolderSpec = 10;
			files = (
				5433F8C324C4B909004BB4DE /* ThatClient.framework in Embed Frameworks */,
				5421FCB324F15AF20029FBCA /* ThatLocator.framework in Embed Frameworks */,
				5476FCCA24E0626C00C536D6 /* ThatModel.framework in Embed Frameworks */,
			);
			name = "Embed Frameworks";
			runOnlyForDeploymentPostprocessing = 0;
		};
/* End PBXCopyFilesBuildPhase section */

/* Begin PBXFileReference section */
		5421FCB124F15AF20029FBCA /* ThatLocator.framework */ = {isa = PBXFileReference; explicitFileType = wrapper.framework; path = ThatLocator.framework; sourceTree = BUILT_PRODUCTS_DIR; };
		5421FCBA24F15BDD0029FBCA /* RegisterService.swift */ = {isa = PBXFileReference; lastKnownFileType = sourcecode.swift; path = RegisterService.swift; sourceTree = "<group>"; };
		5433F8A824C4B8CA004BB4DE /* ThatApp.app */ = {isa = PBXFileReference; explicitFileType = wrapper.application; includeInIndex = 0; path = ThatApp.app; sourceTree = BUILT_PRODUCTS_DIR; };
		5433F8AB24C4B8CA004BB4DE /* AppDelegate.swift */ = {isa = PBXFileReference; lastKnownFileType = sourcecode.swift; path = AppDelegate.swift; sourceTree = "<group>"; };
		5433F8AD24C4B8CA004BB4DE /* SceneDelegate.swift */ = {isa = PBXFileReference; lastKnownFileType = sourcecode.swift; path = SceneDelegate.swift; sourceTree = "<group>"; };
		5433F8AF24C4B8CA004BB4DE /* ViewController.swift */ = {isa = PBXFileReference; lastKnownFileType = sourcecode.swift; path = ViewController.swift; sourceTree = "<group>"; };
		5433F8B224C4B8CA004BB4DE /* Base */ = {isa = PBXFileReference; lastKnownFileType = file.storyboard; name = Base; path = Base.lproj/Main.storyboard; sourceTree = "<group>"; };
		5433F8B424C4B8CA004BB4DE /* Assets.xcassets */ = {isa = PBXFileReference; lastKnownFileType = folder.assetcatalog; path = Assets.xcassets; sourceTree = "<group>"; };
		5433F8B724C4B8CA004BB4DE /* Base */ = {isa = PBXFileReference; lastKnownFileType = file.storyboard; name = Base; path = Base.lproj/LaunchScreen.storyboard; sourceTree = "<group>"; };
		5433F8B924C4B8CA004BB4DE /* Info.plist */ = {isa = PBXFileReference; lastKnownFileType = text.plist.xml; path = Info.plist; sourceTree = "<group>"; };
		5433F8C024C4B909004BB4DE /* ThatClient.framework */ = {isa = PBXFileReference; explicitFileType = wrapper.framework; path = ThatClient.framework; sourceTree = BUILT_PRODUCTS_DIR; };
		5433F8C124C4B909004BB4DE /* libThatService.a */ = {isa = PBXFileReference; explicitFileType = archive.ar; path = libThatService.a; sourceTree = BUILT_PRODUCTS_DIR; };
		5476FCC524E0621700C536D6 /* ThatModel.framework */ = {isa = PBXFileReference; explicitFileType = wrapper.framework; path = ThatModel.framework; sourceTree = BUILT_PRODUCTS_DIR; };
		5476FCC824E0626C00C536D6 /* ThatModel.framework */ = {isa = PBXFileReference; explicitFileType = wrapper.framework; path = ThatModel.framework; sourceTree = BUILT_PRODUCTS_DIR; };
/* End PBXFileReference section */

/* Begin PBXFrameworksBuildPhase section */
		5433F8A524C4B8CA004BB4DE /* Frameworks */ = {
			isa = PBXFrameworksBuildPhase;
			buildActionMask = 2147483647;
			files = (
				5476FCC924E0626C00C536D6 /* ThatModel.framework in Frameworks */,
				5433F8C424C4B909004BB4DE /* libThatService.a in Frameworks */,
				5421FCB224F15AF20029FBCA /* ThatLocator.framework in Frameworks */,
				5433F8C224C4B909004BB4DE /* ThatClient.framework in Frameworks */,
			);
			runOnlyForDeploymentPostprocessing = 0;
		};
/* End PBXFrameworksBuildPhase section */

/* Begin PBXGroup section */
		5433F89F24C4B8CA004BB4DE = {
			isa = PBXGroup;
			children = (
				5433F8AA24C4B8CA004BB4DE /* ThatApp */,
				5433F8A924C4B8CA004BB4DE /* Products */,
				5433F8BF24C4B909004BB4DE /* Frameworks */,
			);
			sourceTree = "<group>";
		};
		5433F8A924C4B8CA004BB4DE /* Products */ = {
			isa = PBXGroup;
			children = (
				5433F8A824C4B8CA004BB4DE /* ThatApp.app */,
			);
			name = Products;
			sourceTree = "<group>";
		};
		5433F8AA24C4B8CA004BB4DE /* ThatApp */ = {
			isa = PBXGroup;
			children = (
				5433F8AB24C4B8CA004BB4DE /* AppDelegate.swift */,
				5433F8AD24C4B8CA004BB4DE /* SceneDelegate.swift */,
				5433F8AF24C4B8CA004BB4DE /* ViewController.swift */,
				5421FCBA24F15BDD0029FBCA /* RegisterService.swift */,
				5433F8B124C4B8CA004BB4DE /* Main.storyboard */,
				5433F8B424C4B8CA004BB4DE /* Assets.xcassets */,
				5433F8B624C4B8CA004BB4DE /* LaunchScreen.storyboard */,
				5433F8B924C4B8CA004BB4DE /* Info.plist */,
			);
			path = ThatApp;
			sourceTree = "<group>";
		};
		5433F8BF24C4B909004BB4DE /* Frameworks */ = {
			isa = PBXGroup;
			children = (
				5421FCB124F15AF20029FBCA /* ThatLocator.framework */,
				5476FCC824E0626C00C536D6 /* ThatModel.framework */,
				5476FCC524E0621700C536D6 /* ThatModel.framework */,
				5433F8C024C4B909004BB4DE /* ThatClient.framework */,
				5433F8C124C4B909004BB4DE /* libThatService.a */,
			);
			name = Frameworks;
			sourceTree = "<group>";
		};
/* End PBXGroup section */

/* Begin PBXNativeTarget section */
		5433F8A724C4B8CA004BB4DE /* ThatApp */ = {
			isa = PBXNativeTarget;
			buildConfigurationList = 5433F8BC24C4B8CA004BB4DE /* Build configuration list for PBXNativeTarget "ThatApp" */;
			buildPhases = (
				5433F8A424C4B8CA004BB4DE /* Sources */,
				5433F8A524C4B8CA004BB4DE /* Frameworks */,
				5433F8A624C4B8CA004BB4DE /* Resources */,
				5433F8C524C4B909004BB4DE /* Embed Frameworks */,
			);
			buildRules = (
			);
			dependencies = (
			);
			name = ThatApp;
			productName = ThatApp;
			productReference = 5433F8A824C4B8CA004BB4DE /* ThatApp.app */;
			productType = "com.apple.product-type.application";
		};
/* End PBXNativeTarget section */

/* Begin PBXProject section */
		5433F8A024C4B8CA004BB4DE /* Project object */ = {
			isa = PBXProject;
			attributes = {
				LastSwiftUpdateCheck = 1160;
				LastUpgradeCheck = 1160;
				ORGANIZATIONNAME = "Vladyslav Lytvynenko";
				TargetAttributes = {
					5433F8A724C4B8CA004BB4DE = {
						CreatedOnToolsVersion = 11.6;
					};
				};
			};
			buildConfigurationList = 5433F8A324C4B8CA004BB4DE /* Build configuration list for PBXProject "ThatApp" */;
			compatibilityVersion = "Xcode 9.3";
			developmentRegion = en;
			hasScannedForEncodings = 0;
			knownRegions = (
				en,
				Base,
			);
			mainGroup = 5433F89F24C4B8CA004BB4DE;
			productRefGroup = 5433F8A924C4B8CA004BB4DE /* Products */;
			projectDirPath = "";
			projectRoot = "";
			targets = (
				5433F8A724C4B8CA004BB4DE /* ThatApp */,
			);
		};
/* End PBXProject section */

/* Begin PBXResourcesBuildPhase section */
		5433F8A624C4B8CA004BB4DE /* Resources */ = {
			isa = PBXResourcesBuildPhase;
			buildActionMask = 2147483647;
			files = (
				5433F8B824C4B8CA004BB4DE /* LaunchScreen.storyboard in Resources */,
				5433F8B524C4B8CA004BB4DE /* Assets.xcassets in Resources */,
				5433F8B324C4B8CA004BB4DE /* Main.storyboard in Resources */,
			);
			runOnlyForDeploymentPostprocessing = 0;
		};
/* End PBXResourcesBuildPhase section */

/* Begin PBXSourcesBuildPhase section */
		5433F8A424C4B8CA004BB4DE /* Sources */ = {
			isa = PBXSourcesBuildPhase;
			buildActionMask = 2147483647;
			files = (
				5433F8B024C4B8CA004BB4DE /* ViewController.swift in Sources */,
				5433F8AC24C4B8CA004BB4DE /* AppDelegate.swift in Sources */,
				5421FCBB24F15BDD0029FBCA /* RegisterService.swift in Sources */,
				5433F8AE24C4B8CA004BB4DE /* SceneDelegate.swift in Sources */,
			);
			runOnlyForDeploymentPostprocessing = 0;
		};
/* End PBXSourcesBuildPhase section */

/* Begin PBXVariantGroup section */
		5433F8B124C4B8CA004BB4DE /* Main.storyboard */ = {
			isa = PBXVariantGroup;
			children = (
				5433F8B224C4B8CA004BB4DE /* Base */,
			);
			name = Main.storyboard;
			sourceTree = "<group>";
		};
		5433F8B624C4B8CA004BB4DE /* LaunchScreen.storyboard */ = {
			isa = PBXVariantGroup;
			children = (
				5433F8B724C4B8CA004BB4DE /* Base */,
			);
			name = LaunchScreen.storyboard;
			sourceTree = "<group>";
		};
/* End PBXVariantGroup section */

/* Begin XCBuildConfiguration section */
		5433F8BA24C4B8CA004BB4DE /* Debug */ = {
			isa = XCBuildConfiguration;
			buildSettings = {
				ALWAYS_SEARCH_USER_PATHS = NO;
				CLANG_ANALYZER_NONNULL = YES;
				CLANG_ANALYZER_NUMBER_OBJECT_CONVERSION = YES_AGGRESSIVE;
				CLANG_CXX_LANGUAGE_STANDARD = "gnu++14";
				CLANG_CXX_LIBRARY = "libc++";
				CLANG_ENABLE_MODULES = YES;
				CLANG_ENABLE_OBJC_ARC = YES;
				CLANG_ENABLE_OBJC_WEAK = YES;
				CLANG_WARN_BLOCK_CAPTURE_AUTORELEASING = YES;
				CLANG_WARN_BOOL_CONVERSION = YES;
				CLANG_WARN_COMMA = YES;
				CLANG_WARN_CONSTANT_CONVERSION = YES;
				CLANG_WARN_DEPRECATED_OBJC_IMPLEMENTATIONS = YES;
				CLANG_WARN_DIRECT_OBJC_ISA_USAGE = YES_ERROR;
				CLANG_WARN_DOCUMENTATION_COMMENTS = YES;
				CLANG_WARN_EMPTY_BODY = YES;
				CLANG_WARN_ENUM_CONVERSION = YES;
				CLANG_WARN_INFINITE_RECURSION = YES;
				CLANG_WARN_INT_CONVERSION = YES;
				CLANG_WARN_NON_LITERAL_NULL_CONVERSION = YES;
				CLANG_WARN_OBJC_IMPLICIT_RETAIN_SELF = YES;
				CLANG_WARN_OBJC_LITERAL_CONVERSION = YES;
				CLANG_WARN_OBJC_ROOT_CLASS = YES_ERROR;
				CLANG_WARN_RANGE_LOOP_ANALYSIS = YES;
				CLANG_WARN_STRICT_PROTOTYPES = YES;
				CLANG_WARN_SUSPICIOUS_MOVE = YES;
				CLANG_WARN_UNGUARDED_AVAILABILITY = YES_AGGRESSIVE;
				CLANG_WARN_UNREACHABLE_CODE = YES;
				CLANG_WARN__DUPLICATE_METHOD_MATCH = YES;
				COPY_PHASE_STRIP = NO;
				DEBUG_INFORMATION_FORMAT = dwarf;
				ENABLE_STRICT_OBJC_MSGSEND = YES;
				ENABLE_TESTABILITY = YES;
				GCC_C_LANGUAGE_STANDARD = gnu11;
				GCC_DYNAMIC_NO_PIC = NO;
				GCC_NO_COMMON_BLOCKS = YES;
				GCC_OPTIMIZATION_LEVEL = 0;
				GCC_PREPROCESSOR_DEFINITIONS = (
					"DEBUG=1",
					"$(inherited)",
				);
				GCC_WARN_64_TO_32_BIT_CONVERSION = YES;
				GCC_WARN_ABOUT_RETURN_TYPE = YES_ERROR;
				GCC_WARN_UNDECLARED_SELECTOR = YES;
				GCC_WARN_UNINITIALIZED_AUTOS = YES_AGGRESSIVE;
				GCC_WARN_UNUSED_FUNCTION = YES;
				GCC_WARN_UNUSED_VARIABLE = YES;
				IPHONEOS_DEPLOYMENT_TARGET = 13.6;
				MTL_ENABLE_DEBUG_INFO = INCLUDE_SOURCE;
				MTL_FAST_MATH = YES;
				ONLY_ACTIVE_ARCH = YES;
				SDKROOT = iphoneos;
				SWIFT_ACTIVE_COMPILATION_CONDITIONS = DEBUG;
				SWIFT_OPTIMIZATION_LEVEL = "-Onone";
			};
			name = Debug;
		};
		5433F8BB24C4B8CA004BB4DE /* Release */ = {
			isa = XCBuildConfiguration;
			buildSettings = {
				ALWAYS_SEARCH_USER_PATHS = NO;
				CLANG_ANALYZER_NONNULL = YES;
				CLANG_ANALYZER_NUMBER_OBJECT_CONVERSION = YES_AGGRESSIVE;
				CLANG_CXX_LANGUAGE_STANDARD = "gnu++14";
				CLANG_CXX_LIBRARY = "libc++";
				CLANG_ENABLE_MODULES = YES;
				CLANG_ENABLE_OBJC_ARC = YES;
				CLANG_ENABLE_OBJC_WEAK = YES;
				CLANG_WARN_BLOCK_CAPTURE_AUTORELEASING = YES;
				CLANG_WARN_BOOL_CONVERSION = YES;
				CLANG_WARN_COMMA = YES;
				CLANG_WARN_CONSTANT_CONVERSION = YES;
				CLANG_WARN_DEPRECATED_OBJC_IMPLEMENTATIONS = YES;
				CLANG_WARN_DIRECT_OBJC_ISA_USAGE = YES_ERROR;
				CLANG_WARN_DOCUMENTATION_COMMENTS = YES;
				CLANG_WARN_EMPTY_BODY = YES;
				CLANG_WARN_ENUM_CONVERSION = YES;
				CLANG_WARN_INFINITE_RECURSION = YES;
				CLANG_WARN_INT_CONVERSION = YES;
				CLANG_WARN_NON_LITERAL_NULL_CONVERSION = YES;
				CLANG_WARN_OBJC_IMPLICIT_RETAIN_SELF = YES;
				CLANG_WARN_OBJC_LITERAL_CONVERSION = YES;
				CLANG_WARN_OBJC_ROOT_CLASS = YES_ERROR;
				CLANG_WARN_RANGE_LOOP_ANALYSIS = YES;
				CLANG_WARN_STRICT_PROTOTYPES = YES;
				CLANG_WARN_SUSPICIOUS_MOVE = YES;
				CLANG_WARN_UNGUARDED_AVAILABILITY = YES_AGGRESSIVE;
				CLANG_WARN_UNREACHABLE_CODE = YES;
				CLANG_WARN__DUPLICATE_METHOD_MATCH = YES;
				COPY_PHASE_STRIP = NO;
				DEBUG_INFORMATION_FORMAT = "dwarf-with-dsym";
				ENABLE_NS_ASSERTIONS = NO;
				ENABLE_STRICT_OBJC_MSGSEND = YES;
				GCC_C_LANGUAGE_STANDARD = gnu11;
				GCC_NO_COMMON_BLOCKS = YES;
				GCC_WARN_64_TO_32_BIT_CONVERSION = YES;
				GCC_WARN_ABOUT_RETURN_TYPE = YES_ERROR;
				GCC_WARN_UNDECLARED_SELECTOR = YES;
				GCC_WARN_UNINITIALIZED_AUTOS = YES_AGGRESSIVE;
				GCC_WARN_UNUSED_FUNCTION = YES;
				GCC_WARN_UNUSED_VARIABLE = YES;
				IPHONEOS_DEPLOYMENT_TARGET = 13.6;
				MTL_ENABLE_DEBUG_INFO = NO;
				MTL_FAST_MATH = YES;
				SDKROOT = iphoneos;
				SWIFT_COMPILATION_MODE = wholemodule;
				SWIFT_OPTIMIZATION_LEVEL = "-O";
				VALIDATE_PRODUCT = YES;
			};
			name = Release;
		};
		5433F8BD24C4B8CA004BB4DE /* Debug */ = {
			isa = XCBuildConfiguration;
			buildSettings = {
				ASSETCATALOG_COMPILER_APPICON_NAME = AppIcon;
				CODE_SIGN_STYLE = Automatic;
				INFOPLIST_FILE = ThatApp/Info.plist;
				LD_RUNPATH_SEARCH_PATHS = (
					"$(inherited)",
					"@executable_path/Frameworks",
				);
				PRODUCT_BUNDLE_IDENTIFIER = com.vlly.ThatApp;
				PRODUCT_NAME = "$(TARGET_NAME)";
				SWIFT_VERSION = 5.0;
				TARGETED_DEVICE_FAMILY = 1;
			};
			name = Debug;
		};
		5433F8BE24C4B8CA004BB4DE /* Release */ = {
			isa = XCBuildConfiguration;
			buildSettings = {
				ASSETCATALOG_COMPILER_APPICON_NAME = AppIcon;
				CODE_SIGN_STYLE = Automatic;
				INFOPLIST_FILE = ThatApp/Info.plist;
				LD_RUNPATH_SEARCH_PATHS = (
					"$(inherited)",
					"@executable_path/Frameworks",
				);
				PRODUCT_BUNDLE_IDENTIFIER = com.vlly.ThatApp;
				PRODUCT_NAME = "$(TARGET_NAME)";
				SWIFT_VERSION = 5.0;
				TARGETED_DEVICE_FAMILY = 1;
			};
			name = Release;
		};
/* End XCBuildConfiguration section */

/* Begin XCConfigurationList section */
		5433F8A324C4B8CA004BB4DE /* Build configuration list for PBXProject "ThatApp" */ = {
			isa = XCConfigurationList;
			buildConfigurations = (
				5433F8BA24C4B8CA004BB4DE /* Debug */,
				5433F8BB24C4B8CA004BB4DE /* Release */,
			);
			defaultConfigurationIsVisible = 0;
			defaultConfigurationName = Release;
		};
		5433F8BC24C4B8CA004BB4DE /* Build configuration list for PBXNativeTarget "ThatApp" */ = {
			isa = XCConfigurationList;
			buildConfigurations = (
				5433F8BD24C4B8CA004BB4DE /* Debug */,
				5433F8BE24C4B8CA004BB4DE /* Release */,
			);
			defaultConfigurationIsVisible = 0;
			defaultConfigurationName = Release;
		};
/* End XCConfigurationList section */
	};
	rootObject = 5433F8A024C4B8CA004BB4DE /* Project object */;
}
